{
  "name": "assets",
  "lockfileVersion": 2,
  "requires": true,
  "packages": {
    "": {
      "dependencies": {
        "@editorjs/checklist": "^1.5.0",
        "@editorjs/editorjs": "^2.28.0",
        "@editorjs/embed": "^2.5.3",
        "@editorjs/header": "^2.7.0",
        "@editorjs/link": "^2.5.0",
        "@editorjs/simple-image": "^1.5.1",
        "@editorjs/table": "^2.2.2"
      }
    },
    "node_modules/@babel/runtime": {
      "version": "7.22.15",
      "resolved": "https://registry.npmjs.org/@babel/runtime/-/runtime-7.22.15.tgz",
      "integrity": "sha512-T0O+aa+4w0u06iNmapipJXMV4HoUir03hpx3/YqXXhu9xim3w+dVphjFWl1OH8NbZHw5Lbm9k45drDkgq2VNNA==",
      "dependencies": {
        "regenerator-runtime": "^0.14.0"
      },
      "engines": {
        "node": ">=6.9.0"
      }
    },
    "node_modules/@codexteam/icons": {
      "version": "0.0.5",
      "resolved": "https://registry.npmjs.org/@codexteam/icons/-/icons-0.0.5.tgz",
      "integrity": "sha512-s6H2KXhLz2rgbMZSkRm8dsMJvyUNZsEjxobBEg9ztdrb1B2H3pEzY6iTwI4XUPJWJ3c3qRKwV4TrO3J5jUdoQA=="
    },
    "node_modules/@editorjs/checklist": {
      "version": "1.5.0",
      "resolved": "https://registry.npmjs.org/@editorjs/checklist/-/checklist-1.5.0.tgz",
      "integrity": "sha512-2QUKDvLmtOFDaQLX6C+D9A4hIGBhsYwZW+60fOghSwC80dD931zOAA71cf+xppCTEhcr4eT18C6BJkBGf/DjTw==",
      "dependencies": {
        "@codexteam/icons": "^0.3.0"
      }
    },
    "node_modules/@editorjs/checklist/node_modules/@codexteam/icons": {
      "version": "0.3.0",
      "resolved": "https://registry.npmjs.org/@codexteam/icons/-/icons-0.3.0.tgz",
      "integrity": "sha512-fJE9dfFdgq8xU+sbsxjH0Kt8Yeatw9xHBJWb77DhRkEXz3OCoIS6hrRC1ewHEryxzIjxD8IyQrRq2f+Gz3BcmA=="
    },
    "node_modules/@editorjs/editorjs": {
      "version": "2.28.0",
      "resolved": "https://registry.npmjs.org/@editorjs/editorjs/-/editorjs-2.28.0.tgz",
      "integrity": "sha512-v0KxSoX4MSZR5HyEbCo0vBri+qdThasABH9u1O1wC3ZxNMO7FiPJ580rp6uTPeFSDSQBmOL3VmRm7ZMfI3iKAg=="
    },
    "node_modules/@editorjs/embed": {
      "version": "2.5.3",
      "resolved": "https://registry.npmjs.org/@editorjs/embed/-/embed-2.5.3.tgz",
      "integrity": "sha512-+X0xX2tiwQjU/B2rPDv8DOwg0suiqrt2h/o9frjR308YuY1VTpqjLRF1lIV4TmelQyVr9cXkZruaa4Ty1wvfJg=="
    },
    "node_modules/@editorjs/header": {
      "version": "2.7.0",
      "resolved": "https://registry.npmjs.org/@editorjs/header/-/header-2.7.0.tgz",
      "integrity": "sha512-4fGKGe2ZYblVqR/P/iw5ieG00uXInFgNMftBMqJRYcB2hUPD30kuu7Sn6eJDcLXoKUMOeqi8Z2AlUxYAmvw7zQ==",
      "dependencies": {
        "@codexteam/icons": "^0.0.5"
      }
    },
    "node_modules/@editorjs/link": {
      "version": "2.5.0",
      "resolved": "https://registry.npmjs.org/@editorjs/link/-/link-2.5.0.tgz",
      "integrity": "sha512-3Oa1VweBY7Sscjzw8pv1QcWGyP+XdPl6+yu+gXnSETyjz9TQRZUjved0qw2OomYOjMZ3RumrdDJXxoALlZdvuQ==",
      "dependencies": {
        "@babel/runtime": "^7.10.2",
        "@codexteam/icons": "^0.0.4"
      }
    },
    "node_modules/@editorjs/link/node_modules/@codexteam/icons": {
      "version": "0.0.4",
      "resolved": "https://registry.npmjs.org/@codexteam/icons/-/icons-0.0.4.tgz",
      "integrity": "sha512-V8N/TY2TGyas4wLrPIFq7bcow68b3gu8DfDt1+rrHPtXxcexadKauRJL6eQgfG7Z0LCrN4boLRawR4S9gjIh/Q=="
    },
    "node_modules/@editorjs/simple-image": {
      "version": "1.5.1",
      "resolved": "https://registry.npmjs.org/@editorjs/simple-image/-/simple-image-1.5.1.tgz",
      "integrity": "sha512-eXfNzYMOPE7I/HllX00XvEO1MGiFu34lzOIyQzxQ3GdD+GlEJgIN9IhLGN7glsyAhCVmNyxNXGa9kUHzWQ9c5Q==",
      "dependencies": {
        "@codexteam/icons": "^0.0.6"
      }
    },
    "node_modules/@editorjs/simple-image/node_modules/@codexteam/icons": {
      "version": "0.0.6",
      "resolved": "https://registry.npmjs.org/@codexteam/icons/-/icons-0.0.6.tgz",
      "integrity": "sha512-L7Q5PET8PjKcBT5wp7VR+FCjwCi5PUp7rd/XjsgQ0CI5FJz0DphyHGRILMuDUdCW2MQT9NHbVr4QP31vwAkS/A=="
    },
    "node_modules/@editorjs/table": {
      "version": "2.2.2",
      "resolved": "https://registry.npmjs.org/@editorjs/table/-/table-2.2.2.tgz",
      "integrity": "sha512-MfCGaEl3c+k+//WriVbtLTLfVzuD2gcyovf3/wIevkQ35vAJEVnimj+bTPWJqBtiHsKUVd4yXvk5QH5xRWOybg==",
      "dependencies": {
        "@codexteam/icons": "^0.0.6"
      }
    },
    "node_modules/@editorjs/table/node_modules/@codexteam/icons": {
      "version": "0.0.6",
      "resolved": "https://registry.npmjs.org/@codexteam/icons/-/icons-0.0.6.tgz",
      "integrity": "sha512-L7Q5PET8PjKcBT5wp7VR+FCjwCi5PUp7rd/XjsgQ0CI5FJz0DphyHGRILMuDUdCW2MQT9NHbVr4QP31vwAkS/A=="
    },
    "node_modules/regenerator-runtime": {
      "version": "0.14.0",
      "resolved": "https://registry.npmjs.org/regenerator-runtime/-/regenerator-runtime-0.14.0.tgz",
      "integrity": "sha512-srw17NI0TUWHuGa5CFGGmhfNIeja30WMBfbslPNhf6JrqQlLN5gcrvig1oqPxiVaXb0oW0XRKtH6Nngs5lKCIA=="
    }
  },
  "dependencies": {
    "@babel/runtime": {
      "version": "7.22.15",
      "resolved": "https://registry.npmjs.org/@babel/runtime/-/runtime-7.22.15.tgz",
      "integrity": "sha512-T0O+aa+4w0u06iNmapipJXMV4HoUir03hpx3/YqXXhu9xim3w+dVphjFWl1OH8NbZHw5Lbm9k45drDkgq2VNNA==",
      "requires": {
        "regenerator-runtime": "^0.14.0"
      }
    },
    "@codexteam/icons": {
      "version": "0.0.5",
      "resolved": "https://registry.npmjs.org/@codexteam/icons/-/icons-0.0.5.tgz",
      "integrity": "sha512-s6H2KXhLz2rgbMZSkRm8dsMJvyUNZsEjxobBEg9ztdrb1B2H3pEzY6iTwI4XUPJWJ3c3qRKwV4TrO3J5jUdoQA=="
    },
    "@editorjs/checklist": {
      "version": "1.5.0",
      "resolved": "https://registry.npmjs.org/@editorjs/checklist/-/checklist-1.5.0.tgz",
      "integrity": "sha512-2QUKDvLmtOFDaQLX6C+D9A4hIGBhsYwZW+60fOghSwC80dD931zOAA71cf+xppCTEhcr4eT18C6BJkBGf/DjTw==",
      "requires": {
        "@codexteam/icons": "^0.3.0"
      },
      "dependencies": {
        "@codexteam/icons": {
          "version": "0.3.0",
          "resolved": "https://registry.npmjs.org/@codexteam/icons/-/icons-0.3.0.tgz",
          "integrity": "sha512-fJE9dfFdgq8xU+sbsxjH0Kt8Yeatw9xHBJWb77DhRkEXz3OCoIS6hrRC1ewHEryxzIjxD8IyQrRq2f+Gz3BcmA=="
        }
      }
    },
    "@editorjs/editorjs": {
      "version": "2.28.0",
      "resolved": "https://registry.npmjs.org/@editorjs/editorjs/-/editorjs-2.28.0.tgz",
      "integrity": "sha512-v0KxSoX4MSZR5HyEbCo0vBri+qdThasABH9u1O1wC3ZxNMO7FiPJ580rp6uTPeFSDSQBmOL3VmRm7ZMfI3iKAg=="
    },
    "@editorjs/embed": {
      "version": "2.5.3",
      "resolved": "https://registry.npmjs.org/@editorjs/embed/-/embed-2.5.3.tgz",
      "integrity": "sha512-+X0xX2tiwQjU/B2rPDv8DOwg0suiqrt2h/o9frjR308YuY1VTpqjLRF1lIV4TmelQyVr9cXkZruaa4Ty1wvfJg=="
    },
    "@editorjs/header": {
      "version": "2.7.0",
      "resolved": "https://registry.npmjs.org/@editorjs/header/-/header-2.7.0.tgz",
      "integrity": "sha512-4fGKGe2ZYblVqR/P/iw5ieG00uXInFgNMftBMqJRYcB2hUPD30kuu7Sn6eJDcLXoKUMOeqi8Z2AlUxYAmvw7zQ==",
      "requires": {
        "@codexteam/icons": "^0.0.5"
      }
    },
    "@editorjs/link": {
      "version": "2.5.0",
      "resolved": "https://registry.npmjs.org/@editorjs/link/-/link-2.5.0.tgz",
      "integrity": "sha512-3Oa1VweBY7Sscjzw8pv1QcWGyP+XdPl6+yu+gXnSETyjz9TQRZUjved0qw2OomYOjMZ3RumrdDJXxoALlZdvuQ==",
      "requires": {
        "@babel/runtime": "^7.10.2",
        "@codexteam/icons": "^0.0.4"
      },
      "dependencies": {
        "@codexteam/icons": {
          "version": "0.0.4",
          "resolved": "https://registry.npmjs.org/@codexteam/icons/-/icons-0.0.4.tgz",
          "integrity": "sha512-V8N/TY2TGyas4wLrPIFq7bcow68b3gu8DfDt1+rrHPtXxcexadKauRJL6eQgfG7Z0LCrN4boLRawR4S9gjIh/Q=="
        }
      }
    },
    "@editorjs/simple-image": {
      "version": "1.5.1",
      "resolved": "https://registry.npmjs.org/@editorjs/simple-image/-/simple-image-1.5.1.tgz",
      "integrity": "sha512-eXfNzYMOPE7I/HllX00XvEO1MGiFu34lzOIyQzxQ3GdD+GlEJgIN9IhLGN7glsyAhCVmNyxNXGa9kUHzWQ9c5Q==",
      "requires": {
        "@codexteam/icons": "^0.0.6"
      },
      "dependencies": {
        "@codexteam/icons": {
          "version": "0.0.6",
          "resolved": "https://registry.npmjs.org/@codexteam/icons/-/icons-0.0.6.tgz",
          "integrity": "sha512-L7Q5PET8PjKcBT5wp7VR+FCjwCi5PUp7rd/XjsgQ0CI5FJz0DphyHGRILMuDUdCW2MQT9NHbVr4QP31vwAkS/A=="
        }
      }
    },
    "@editorjs/table": {
      "version": "2.2.2",
      "resolved": "https://registry.npmjs.org/@editorjs/table/-/table-2.2.2.tgz",
      "integrity": "sha512-MfCGaEl3c+k+//WriVbtLTLfVzuD2gcyovf3/wIevkQ35vAJEVnimj+bTPWJqBtiHsKUVd4yXvk5QH5xRWOybg==",
      "requires": {
        "@codexteam/icons": "^0.0.6"
      },
      "dependencies": {
        "@codexteam/icons": {
          "version": "0.0.6",
          "resolved": "https://registry.npmjs.org/@codexteam/icons/-/icons-0.0.6.tgz",
          "integrity": "sha512-L7Q5PET8PjKcBT5wp7VR+FCjwCi5PUp7rd/XjsgQ0CI5FJz0DphyHGRILMuDUdCW2MQT9NHbVr4QP31vwAkS/A=="
        }
      }
    },
    "regenerator-runtime": {
      "version": "0.14.0",
      "resolved": "https://registry.npmjs.org/regenerator-runtime/-/regenerator-runtime-0.14.0.tgz",
      "integrity": "sha512-srw17NI0TUWHuGa5CFGGmhfNIeja30WMBfbslPNhf6JrqQlLN5gcrvig1oqPxiVaXb0oW0XRKtH6Nngs5lKCIA=="
    }
  }
}
